
Microsoft Visual Studio Solution File, Format Version 12.00
Project("{FAE04EC0-301F-11D3-BF4B-00C04F79EFBC}") = "HW2", "HW2\HW2.csproj", "{4315DE46-235C-45BD-AE8E-933D05DFB7DD}"
EndProject
Global
	GlobalSection(SolutionConfigurationPlatforms) = preSolution
		Debug|Any CPU = Debug|Any CPU
		Release|Any CPU = Release|Any CPU
	EndGlobalSection
	GlobalSection(ProjectConfigurationPlatforms) = postSolution
		{4315DE46-235C-45BD-AE8E-933D05DFB7DD}.Debug|Any CPU.ActiveCfg = Debug|Any CPU
		{4315DE46-235C-45BD-AE8E-933D05DFB7DD}.Debug|Any CPU.Build.0 = Debug|Any CPU
		{4315DE46-235C-45BD-AE8E-933D05DFB7DD}.Release|Any CPU.ActiveCfg = Release|Any CPU
		{4315DE46-235C-45BD-AE8E-933D05DFB7DD}.Release|Any CPU.Build.0 = Release|Any CPU
	EndGlobalSection
EndGlobal
